
Microsoft Visual Studio Solution File, Format Version 12.00
# Visual Studio Version 16
VisualStudioVersion = 16.0.30114.105
MinimumVisualStudioVersion = 10.0.40219.1
Project("{9A19103F-16F7-4668-BE54-9A1E7A4F7556}") = "UnityResourceGenerator.Build", "UnityResourceGenerator.Build\UnityResourceGenerator.Build.csproj", "{6DA4AC26-F65B-4014-9CDB-44CB82CC3D00}"
EndProject
Global
	GlobalSection(SolutionConfigurationPlatforms) = preSolution
		Debug|Any CPU = Debug|Any CPU
		Debug|x64 = Debug|x64
		Debug|x86 = Debug|x86
		Release|Any CPU = Release|Any CPU
		Release|x64 = Release|x64
		Release|x86 = Release|x86
	EndGlobalSection
	GlobalSection(ProjectConfigurationPlatforms) = postSolution
		{6DA4AC26-F65B-4014-9CDB-44CB82CC3D00}.Debug|Any CPU.ActiveCfg = Debug|Any CPU
		{6DA4AC26-F65B-4014-9CDB-44CB82CC3D00}.Debug|x64.ActiveCfg = Debug|Any CPU
		{6DA4AC26-F65B-4014-9CDB-44CB82CC3D00}.Debug|x64.Build.0 = Debug|Any CPU
		{6DA4AC26-F65B-4014-9CDB-44CB82CC3D00}.Debug|x86.ActiveCfg = Debug|Any CPU
		{6DA4AC26-F65B-4014-9CDB-44CB82CC3D00}.Debug|x86.Build.0 = Debug|Any CPU
		{6DA4AC26-F65B-4014-9CDB-44CB82CC3D00}.Release|Any CPU.ActiveCfg = Release|Any CPU
		{6DA4AC26-F65B-4014-9CDB-44CB82CC3D00}.Release|Any CPU.Build.0 = Release|Any CPU
		{6DA4AC26-F65B-4014-9CDB-44CB82CC3D00}.Release|x64.ActiveCfg = Release|Any CPU
		{6DA4AC26-F65B-4014-9CDB-44CB82CC3D00}.Release|x64.Build.0 = Release|Any CPU
		{6DA4AC26-F65B-4014-9CDB-44CB82CC3D00}.Release|x86.ActiveCfg = Release|Any CPU
		{6DA4AC26-F65B-4014-9CDB-44CB82CC3D00}.Release|x86.Build.0 = Release|Any CPU
	EndGlobalSection
	GlobalSection(SolutionProperties) = preSolution
		HideSolutionNode = FALSE
	EndGlobalSection
	GlobalSection(ExtensibilityGlobals) = postSolution
		SolutionGuid = {BFEAA7F5-6BAC-4B54-83B5-EA5799C74E35}
	EndGlobalSection
EndGlobal
